
Microsoft Visual Studio Solution File, Format Version 12.00
Project("{FAE04EC0-301F-11D3-BF4B-00C04F79EFBC}") = "DeviceManager.API", "src\DeviceManager.API\DeviceManager.API.csproj", "{08666198-3864-4051-A92B-CC185251EBB2}"
EndProject
Project("{FAE04EC0-301F-11D3-BF4B-00C04F79EFBC}") = "DeviceManager.Logic", "src\DeviceManager.Logic\DeviceManager.Logic.csproj", "{148202AC-5804-4577-AF65-EFD8E55316F3}"
EndProject
Project("{FAE04EC0-301F-11D3-BF4B-00C04F79EFBC}") = "DeviceManager.Models", "src\DeviceManager.Models\DeviceManager.Models.csproj", "{606F065A-578D-46AF-AAEF-F29B5EA57108}"
EndProject
Project("{FAE04EC0-301F-11D3-BF4B-00C04F79EFBC}") = "DeviceManager.Tests", "test\DeviceManager.Tests\DeviceManager.Tests.csproj", "{E8645B06-F532-44EF-8267-4F2BB7D476C3}"
EndProject
Global
	GlobalSection(SolutionConfigurationPlatforms) = preSolution
		Debug|Any CPU = Debug|Any CPU
		Release|Any CPU = Release|Any CPU
	EndGlobalSection
	GlobalSection(ProjectConfigurationPlatforms) = postSolution
		{888850AB-B2AC-4FBC-B232-688460AFEF2C}.Debug|Any CPU.ActiveCfg = Debug|Any CPU
		{888850AB-B2AC-4FBC-B232-688460AFEF2C}.Debug|Any CPU.Build.0 = Debug|Any CPU
		{888850AB-B2AC-4FBC-B232-688460AFEF2C}.Release|Any CPU.ActiveCfg = Release|Any CPU
		{888850AB-B2AC-4FBC-B232-688460AFEF2C}.Release|Any CPU.Build.0 = Release|Any CPU
		{F3CE2FF0-278E-45CD-93EE-DD4F8CE8467B}.Debug|Any CPU.ActiveCfg = Debug|Any CPU
		{F3CE2FF0-278E-45CD-93EE-DD4F8CE8467B}.Debug|Any CPU.Build.0 = Debug|Any CPU
		{F3CE2FF0-278E-45CD-93EE-DD4F8CE8467B}.Release|Any CPU.ActiveCfg = Release|Any CPU
		{F3CE2FF0-278E-45CD-93EE-DD4F8CE8467B}.Release|Any CPU.Build.0 = Release|Any CPU
		{E6DC470C-513E-48E6-ABC2-4F311B6A1EDE}.Debug|Any CPU.ActiveCfg = Debug|Any CPU
		{E6DC470C-513E-48E6-ABC2-4F311B6A1EDE}.Debug|Any CPU.Build.0 = Debug|Any CPU
		{E6DC470C-513E-48E6-ABC2-4F311B6A1EDE}.Release|Any CPU.ActiveCfg = Release|Any CPU
		{E6DC470C-513E-48E6-ABC2-4F311B6A1EDE}.Release|Any CPU.Build.0 = Release|Any CPU
		{9874CBE3-7F57-40FD-80DA-18187F68573A}.Debug|Any CPU.ActiveCfg = Debug|Any CPU
		{9874CBE3-7F57-40FD-80DA-18187F68573A}.Debug|Any CPU.Build.0 = Debug|Any CPU
		{9874CBE3-7F57-40FD-80DA-18187F68573A}.Release|Any CPU.ActiveCfg = Release|Any CPU
		{9874CBE3-7F57-40FD-80DA-18187F68573A}.Release|Any CPU.Build.0 = Release|Any CPU
		{08666198-3864-4051-A92B-CC185251EBB2}.Debug|Any CPU.ActiveCfg = Debug|Any CPU
		{08666198-3864-4051-A92B-CC185251EBB2}.Debug|Any CPU.Build.0 = Debug|Any CPU
		{08666198-3864-4051-A92B-CC185251EBB2}.Release|Any CPU.ActiveCfg = Release|Any CPU
		{08666198-3864-4051-A92B-CC185251EBB2}.Release|Any CPU.Build.0 = Release|Any CPU
		{148202AC-5804-4577-AF65-EFD8E55316F3}.Debug|Any CPU.ActiveCfg = Debug|Any CPU
		{148202AC-5804-4577-AF65-EFD8E55316F3}.Debug|Any CPU.Build.0 = Debug|Any CPU
		{148202AC-5804-4577-AF65-EFD8E55316F3}.Release|Any CPU.ActiveCfg = Release|Any CPU
		{148202AC-5804-4577-AF65-EFD8E55316F3}.Release|Any CPU.Build.0 = Release|Any CPU
		{606F065A-578D-46AF-AAEF-F29B5EA57108}.Debug|Any CPU.ActiveCfg = Debug|Any CPU
		{606F065A-578D-46AF-AAEF-F29B5EA57108}.Debug|Any CPU.Build.0 = Debug|Any CPU
		{606F065A-578D-46AF-AAEF-F29B5EA57108}.Release|Any CPU.ActiveCfg = Release|Any CPU
		{606F065A-578D-46AF-AAEF-F29B5EA57108}.Release|Any CPU.Build.0 = Release|Any CPU
		{E8645B06-F532-44EF-8267-4F2BB7D476C3}.Debug|Any CPU.ActiveCfg = Debug|Any CPU
		{E8645B06-F532-44EF-8267-4F2BB7D476C3}.Debug|Any CPU.Build.0 = Debug|Any CPU
		{E8645B06-F532-44EF-8267-4F2BB7D476C3}.Release|Any CPU.ActiveCfg = Release|Any CPU
		{E8645B06-F532-44EF-8267-4F2BB7D476C3}.Release|Any CPU.Build.0 = Release|Any CPU
	EndGlobalSection
	GlobalSection(NestedProjects) = preSolution
	EndGlobalSection
EndGlobal
